
Microsoft Visual Studio Solution File, Format Version 12.00
# Visual Studio 15
VisualStudioVersion = 15.0.27130.2020
MinimumVisualStudioVersion = 10.0.40219.1
Project("{9A19103F-16F7-4668-BE54-9A1E7A4F7556}") = "KD.FakeDb", "KD.FakeDb\KD.FakeDb.csproj", "{9E588B3E-E840-4A95-B3F6-F35E3C6D1402}"
EndProject
Project("{9A19103F-16F7-4668-BE54-9A1E7A4F7556}") = "KD.FakeDb.Factory", "KD.FakeDb.Factory\KD.FakeDb.Factory.csproj", "{9E7035F7-359E-4484-B7C2-C900426D828C}"
EndProject
Project("{9A19103F-16F7-4668-BE54-9A1E7A4F7556}") = "KD.FakeDb.XUnitTests", "KD.FakeDb.XUnitTests\KD.FakeDb.XUnitTests.csproj", "{D1D856A0-32D8-4FF3-9FA9-4A8E126EB8C4}"
EndProject
Project("{9A19103F-16F7-4668-BE54-9A1E7A4F7556}") = "KD.FakeDb.Linq", "KD.FakeDb.Linq\KD.FakeDb.Linq.csproj", "{6C86E467-DF11-4575-9132-520F3B377A58}"
EndProject
Project("{9A19103F-16F7-4668-BE54-9A1E7A4F7556}") = "KD.FakeDb.Serialization", "KD.FakeDb.Serialization\KD.FakeDb.Serialization.csproj", "{436B91A4-778C-46A4-9C27-58F9D4E023B7}"
EndProject
Project("{2150E333-8FDC-42A3-9474-1A3956D46DE8}") = "Solution Items", "Solution Items", "{5E0B2080-A762-4355-9F73-428D85BFEAFF}"
	ProjectSection(SolutionItems) = preProject
		.travis.yml = .travis.yml
		appveyor.yml = appveyor.yml
	EndProjectSection
EndProject
Project("{9A19103F-16F7-4668-BE54-9A1E7A4F7556}") = "KD.FakeDb.Serialization.JSON", "KD.FakeDb.Serialization.JSON\KD.FakeDb.Serialization.JSON.csproj", "{088EFCD9-816F-429D-93F0-B69C02175184}"
EndProject
Project("{9A19103F-16F7-4668-BE54-9A1E7A4F7556}") = "KD.FakeDb.Serialization.XML", "KD.FakeDb.Serialization.XML\KD.FakeDb.Serialization.XML.csproj", "{F2190585-99DC-45A7-89A0-C719C57FD0A0}"
EndProject
Project("{9A19103F-16F7-4668-BE54-9A1E7A4F7556}") = "KD.FakeDb.Connection", "KD.FakeDb.Connection\KD.FakeDb.Connection.csproj", "{844E058B-EB99-4546-B2DC-488D3B24F864}"
EndProject
Project("{9A19103F-16F7-4668-BE54-9A1E7A4F7556}") = "KD.FakeDb.Connection.MySQL", "KD.FakeDb.Connection.MySQL\KD.FakeDb.Connection.MySQL.csproj", "{8143F2B4-8864-4849-8BDF-F3F5A2394D41}"
EndProject
Project("{9A19103F-16F7-4668-BE54-9A1E7A4F7556}") = "KD.FakeDb.XUnitTests.Connection", "KD.FakeDb.XUnitTests.Connection\KD.FakeDb.XUnitTests.Connection.csproj", "{3F119470-B623-46B0-954E-45BD2939952A}"
EndProject
Project("{9A19103F-16F7-4668-BE54-9A1E7A4F7556}") = "KD.FakeDb.Connection.MSSQL", "KD.FakeDb.Connection.MSSQL\KD.FakeDb.Connection.MSSQL.csproj", "{027AC351-D266-450D-94AF-E20B900D1C18}"
EndProject
Project("{9A19103F-16F7-4668-BE54-9A1E7A4F7556}") = "KD.FakeDb.Converter.DataSet", "KD.FakeDb.Converter.DataSet\KD.FakeDb.Converter.DataSet.csproj", "{02F2801F-B98B-4022-9B5E-70570F2D2334}"
EndProject
Project("{9A19103F-16F7-4668-BE54-9A1E7A4F7556}") = "KD.FakeDb.Serialization.DataSet", "KD.FakeDb.Serialization.DataSet\KD.FakeDb.Serialization.DataSet.csproj", "{AE922E37-EF34-47B7-95E9-54357955672D}"
EndProject
Project("{9A19103F-16F7-4668-BE54-9A1E7A4F7556}") = "KD.FakeDb.Export", "KD.FakeDb.Export\KD.FakeDb.Export.csproj", "{E8045F4F-2C25-4EAE-8067-F073FC007936}"
EndProject
Project("{9A19103F-16F7-4668-BE54-9A1E7A4F7556}") = "KD.FakeDb.Export.Files", "KD.FakeDb.Export.Files\KD.FakeDb.Export.Files.csproj", "{19802631-71F0-4BF6-BC02-C74A113FE536}"
EndProject
Project("{9A19103F-16F7-4668-BE54-9A1E7A4F7556}") = "KD.FakeDb.Export.Files.CSV", "KD.FakeDb.Export.Files.CSV\KD.FakeDb.Export.Files.CSV.csproj", "{7275440C-B3ED-4754-B869-371A9856DF3A}"
EndProject
Project("{2150E333-8FDC-42A3-9474-1A3956D46DE8}") = "Core", "Core", "{70FCDBD3-BD5D-4F1B-A89A-107F51498333}"
EndProject
Project("{2150E333-8FDC-42A3-9474-1A3956D46DE8}") = "Common", "Common", "{6EAE0E7C-5005-4744-93FA-8AA606EC68ED}"
EndProject
Project("{2150E333-8FDC-42A3-9474-1A3956D46DE8}") = "Connection", "Connection", "{C81740A4-88E2-4356-985F-9CF3B6E313BE}"
EndProject
Project("{2150E333-8FDC-42A3-9474-1A3956D46DE8}") = "Converter", "Converter", "{6133C49B-12B0-486B-88E6-720CEDFB39C4}"
EndProject
Project("{2150E333-8FDC-42A3-9474-1A3956D46DE8}") = "Export", "Export", "{970400E3-690D-47D0-BBB6-D4351D0F1D00}"
EndProject
Project("{2150E333-8FDC-42A3-9474-1A3956D46DE8}") = "Serialization", "Serialization", "{0885D30A-D999-4509-9F92-ABA7BCB1DBF8}"
EndProject
Project("{2150E333-8FDC-42A3-9474-1A3956D46DE8}") = "Tests", "Tests", "{82B065F7-CFD3-41D1-ABA9-95B9D8FFF106}"
EndProject
Project("{9A19103F-16F7-4668-BE54-9A1E7A4F7556}") = "KD.FakeDb.XML", "KD.FakeDb.XML\KD.FakeDb.XML.csproj", "{7D2D0047-1BD9-4D72-9C07-9C33EC9B8842}"
EndProject
Global
	GlobalSection(SolutionConfigurationPlatforms) = preSolution
		Debug|Any CPU = Debug|Any CPU
		Release|Any CPU = Release|Any CPU
	EndGlobalSection
	GlobalSection(ProjectConfigurationPlatforms) = postSolution
		{9E588B3E-E840-4A95-B3F6-F35E3C6D1402}.Debug|Any CPU.ActiveCfg = Debug|Any CPU
		{9E588B3E-E840-4A95-B3F6-F35E3C6D1402}.Debug|Any CPU.Build.0 = Debug|Any CPU
		{9E588B3E-E840-4A95-B3F6-F35E3C6D1402}.Release|Any CPU.ActiveCfg = Release|Any CPU
		{9E588B3E-E840-4A95-B3F6-F35E3C6D1402}.Release|Any CPU.Build.0 = Release|Any CPU
		{9E7035F7-359E-4484-B7C2-C900426D828C}.Debug|Any CPU.ActiveCfg = Debug|Any CPU
		{9E7035F7-359E-4484-B7C2-C900426D828C}.Debug|Any CPU.Build.0 = Debug|Any CPU
		{9E7035F7-359E-4484-B7C2-C900426D828C}.Release|Any CPU.ActiveCfg = Release|Any CPU
		{9E7035F7-359E-4484-B7C2-C900426D828C}.Release|Any CPU.Build.0 = Release|Any CPU
		{D1D856A0-32D8-4FF3-9FA9-4A8E126EB8C4}.Debug|Any CPU.ActiveCfg = Debug|Any CPU
		{D1D856A0-32D8-4FF3-9FA9-4A8E126EB8C4}.Debug|Any CPU.Build.0 = Debug|Any CPU
		{D1D856A0-32D8-4FF3-9FA9-4A8E126EB8C4}.Release|Any CPU.ActiveCfg = Release|Any CPU
		{D1D856A0-32D8-4FF3-9FA9-4A8E126EB8C4}.Release|Any CPU.Build.0 = Release|Any CPU
		{6C86E467-DF11-4575-9132-520F3B377A58}.Debug|Any CPU.ActiveCfg = Debug|Any CPU
		{6C86E467-DF11-4575-9132-520F3B377A58}.Debug|Any CPU.Build.0 = Debug|Any CPU
		{6C86E467-DF11-4575-9132-520F3B377A58}.Release|Any CPU.ActiveCfg = Release|Any CPU
		{6C86E467-DF11-4575-9132-520F3B377A58}.Release|Any CPU.Build.0 = Release|Any CPU
		{436B91A4-778C-46A4-9C27-58F9D4E023B7}.Debug|Any CPU.ActiveCfg = Debug|Any CPU
		{436B91A4-778C-46A4-9C27-58F9D4E023B7}.Debug|Any CPU.Build.0 = Debug|Any CPU
		{436B91A4-778C-46A4-9C27-58F9D4E023B7}.Release|Any CPU.ActiveCfg = Release|Any CPU
		{436B91A4-778C-46A4-9C27-58F9D4E023B7}.Release|Any CPU.Build.0 = Release|Any CPU
		{088EFCD9-816F-429D-93F0-B69C02175184}.Debug|Any CPU.ActiveCfg = Debug|Any CPU
		{088EFCD9-816F-429D-93F0-B69C02175184}.Debug|Any CPU.Build.0 = Debug|Any CPU
		{088EFCD9-816F-429D-93F0-B69C02175184}.Release|Any CPU.ActiveCfg = Release|Any CPU
		{088EFCD9-816F-429D-93F0-B69C02175184}.Release|Any CPU.Build.0 = Release|Any CPU
		{F2190585-99DC-45A7-89A0-C719C57FD0A0}.Debug|Any CPU.ActiveCfg = Debug|Any CPU
		{F2190585-99DC-45A7-89A0-C719C57FD0A0}.Debug|Any CPU.Build.0 = Debug|Any CPU
		{F2190585-99DC-45A7-89A0-C719C57FD0A0}.Release|Any CPU.ActiveCfg = Release|Any CPU
		{F2190585-99DC-45A7-89A0-C719C57FD0A0}.Release|Any CPU.Build.0 = Release|Any CPU
		{844E058B-EB99-4546-B2DC-488D3B24F864}.Debug|Any CPU.ActiveCfg = Debug|Any CPU
		{844E058B-EB99-4546-B2DC-488D3B24F864}.Debug|Any CPU.Build.0 = Debug|Any CPU
		{844E058B-EB99-4546-B2DC-488D3B24F864}.Release|Any CPU.ActiveCfg = Release|Any CPU
		{844E058B-EB99-4546-B2DC-488D3B24F864}.Release|Any CPU.Build.0 = Release|Any CPU
		{8143F2B4-8864-4849-8BDF-F3F5A2394D41}.Debug|Any CPU.ActiveCfg = Debug|Any CPU
		{8143F2B4-8864-4849-8BDF-F3F5A2394D41}.Debug|Any CPU.Build.0 = Debug|Any CPU
		{8143F2B4-8864-4849-8BDF-F3F5A2394D41}.Release|Any CPU.ActiveCfg = Release|Any CPU
		{8143F2B4-8864-4849-8BDF-F3F5A2394D41}.Release|Any CPU.Build.0 = Release|Any CPU
		{3F119470-B623-46B0-954E-45BD2939952A}.Debug|Any CPU.ActiveCfg = Debug|Any CPU
		{3F119470-B623-46B0-954E-45BD2939952A}.Debug|Any CPU.Build.0 = Debug|Any CPU
		{3F119470-B623-46B0-954E-45BD2939952A}.Release|Any CPU.ActiveCfg = Release|Any CPU
		{3F119470-B623-46B0-954E-45BD2939952A}.Release|Any CPU.Build.0 = Release|Any CPU
		{027AC351-D266-450D-94AF-E20B900D1C18}.Debug|Any CPU.ActiveCfg = Debug|Any CPU
		{027AC351-D266-450D-94AF-E20B900D1C18}.Debug|Any CPU.Build.0 = Debug|Any CPU
		{027AC351-D266-450D-94AF-E20B900D1C18}.Release|Any CPU.ActiveCfg = Release|Any CPU
		{027AC351-D266-450D-94AF-E20B900D1C18}.Release|Any CPU.Build.0 = Release|Any CPU
		{02F2801F-B98B-4022-9B5E-70570F2D2334}.Debug|Any CPU.ActiveCfg = Debug|Any CPU
		{02F2801F-B98B-4022-9B5E-70570F2D2334}.Debug|Any CPU.Build.0 = Debug|Any CPU
		{02F2801F-B98B-4022-9B5E-70570F2D2334}.Release|Any CPU.ActiveCfg = Release|Any CPU
		{02F2801F-B98B-4022-9B5E-70570F2D2334}.Release|Any CPU.Build.0 = Release|Any CPU
		{AE922E37-EF34-47B7-95E9-54357955672D}.Debug|Any CPU.ActiveCfg = Debug|Any CPU
		{AE922E37-EF34-47B7-95E9-54357955672D}.Debug|Any CPU.Build.0 = Debug|Any CPU
		{AE922E37-EF34-47B7-95E9-54357955672D}.Release|Any CPU.ActiveCfg = Release|Any CPU
		{AE922E37-EF34-47B7-95E9-54357955672D}.Release|Any CPU.Build.0 = Release|Any CPU
		{E8045F4F-2C25-4EAE-8067-F073FC007936}.Debug|Any CPU.ActiveCfg = Debug|Any CPU
		{E8045F4F-2C25-4EAE-8067-F073FC007936}.Debug|Any CPU.Build.0 = Debug|Any CPU
		{E8045F4F-2C25-4EAE-8067-F073FC007936}.Release|Any CPU.ActiveCfg = Release|Any CPU
		{E8045F4F-2C25-4EAE-8067-F073FC007936}.Release|Any CPU.Build.0 = Release|Any CPU
		{19802631-71F0-4BF6-BC02-C74A113FE536}.Debug|Any CPU.ActiveCfg = Debug|Any CPU
		{19802631-71F0-4BF6-BC02-C74A113FE536}.Debug|Any CPU.Build.0 = Debug|Any CPU
		{19802631-71F0-4BF6-BC02-C74A113FE536}.Release|Any CPU.ActiveCfg = Release|Any CPU
		{19802631-71F0-4BF6-BC02-C74A113FE536}.Release|Any CPU.Build.0 = Release|Any CPU
		{7275440C-B3ED-4754-B869-371A9856DF3A}.Debug|Any CPU.ActiveCfg = Debug|Any CPU
		{7275440C-B3ED-4754-B869-371A9856DF3A}.Debug|Any CPU.Build.0 = Debug|Any CPU
		{7275440C-B3ED-4754-B869-371A9856DF3A}.Release|Any CPU.ActiveCfg = Release|Any CPU
		{7275440C-B3ED-4754-B869-371A9856DF3A}.Release|Any CPU.Build.0 = Release|Any CPU
		{7D2D0047-1BD9-4D72-9C07-9C33EC9B8842}.Debug|Any CPU.ActiveCfg = Debug|Any CPU
		{7D2D0047-1BD9-4D72-9C07-9C33EC9B8842}.Debug|Any CPU.Build.0 = Debug|Any CPU
		{7D2D0047-1BD9-4D72-9C07-9C33EC9B8842}.Release|Any CPU.ActiveCfg = Release|Any CPU
		{7D2D0047-1BD9-4D72-9C07-9C33EC9B8842}.Release|Any CPU.Build.0 = Release|Any CPU
	EndGlobalSection
	GlobalSection(SolutionProperties) = preSolution
		HideSolutionNode = FALSE
	EndGlobalSection
	GlobalSection(NestedProjects) = preSolution
		{9E588B3E-E840-4A95-B3F6-F35E3C6D1402} = {70FCDBD3-BD5D-4F1B-A89A-107F51498333}
		{9E7035F7-359E-4484-B7C2-C900426D828C} = {6EAE0E7C-5005-4744-93FA-8AA606EC68ED}
		{D1D856A0-32D8-4FF3-9FA9-4A8E126EB8C4} = {82B065F7-CFD3-41D1-ABA9-95B9D8FFF106}
		{6C86E467-DF11-4575-9132-520F3B377A58} = {6EAE0E7C-5005-4744-93FA-8AA606EC68ED}
		{436B91A4-778C-46A4-9C27-58F9D4E023B7} = {0885D30A-D999-4509-9F92-ABA7BCB1DBF8}
		{088EFCD9-816F-429D-93F0-B69C02175184} = {0885D30A-D999-4509-9F92-ABA7BCB1DBF8}
		{F2190585-99DC-45A7-89A0-C719C57FD0A0} = {0885D30A-D999-4509-9F92-ABA7BCB1DBF8}
		{844E058B-EB99-4546-B2DC-488D3B24F864} = {C81740A4-88E2-4356-985F-9CF3B6E313BE}
		{8143F2B4-8864-4849-8BDF-F3F5A2394D41} = {C81740A4-88E2-4356-985F-9CF3B6E313BE}
		{3F119470-B623-46B0-954E-45BD2939952A} = {82B065F7-CFD3-41D1-ABA9-95B9D8FFF106}
		{027AC351-D266-450D-94AF-E20B900D1C18} = {C81740A4-88E2-4356-985F-9CF3B6E313BE}
		{02F2801F-B98B-4022-9B5E-70570F2D2334} = {6133C49B-12B0-486B-88E6-720CEDFB39C4}
		{AE922E37-EF34-47B7-95E9-54357955672D} = {0885D30A-D999-4509-9F92-ABA7BCB1DBF8}
		{E8045F4F-2C25-4EAE-8067-F073FC007936} = {970400E3-690D-47D0-BBB6-D4351D0F1D00}
		{19802631-71F0-4BF6-BC02-C74A113FE536} = {970400E3-690D-47D0-BBB6-D4351D0F1D00}
		{7275440C-B3ED-4754-B869-371A9856DF3A} = {970400E3-690D-47D0-BBB6-D4351D0F1D00}
		{7D2D0047-1BD9-4D72-9C07-9C33EC9B8842} = {6EAE0E7C-5005-4744-93FA-8AA606EC68ED}
	EndGlobalSection
	GlobalSection(ExtensibilityGlobals) = postSolution
		SolutionGuid = {85316DBE-11B8-4C7C-B221-B5DD7B8FE066}
	EndGlobalSection
EndGlobal
